
Microsoft Visual Studio Solution File, Format Version 12.00
Project("{FAE04EC0-301F-11D3-BF4B-00C04F79EFBC}") = "RandomRotateSort", "RandomRotateSort\RandomRotateSort.csproj", "{87DEB9A6-F97F-4692-BA85-2D5C5F3692C4}"
EndProject
Project("{FAE04EC0-301F-11D3-BF4B-00C04F79EFBC}") = "xUnitTests", "xUnitTests\xUnitTests.csproj", "{7D5582FA-C65E-4CD7-8EAC-6148263AFB7E}"
EndProject
Global
	GlobalSection(SolutionConfigurationPlatforms) = preSolution
		Debug|Any CPU = Debug|Any CPU
		Release|Any CPU = Release|Any CPU
	EndGlobalSection
	GlobalSection(ProjectConfigurationPlatforms) = postSolution
		{87DEB9A6-F97F-4692-BA85-2D5C5F3692C4}.Debug|Any CPU.ActiveCfg = Debug|Any CPU
		{87DEB9A6-F97F-4692-BA85-2D5C5F3692C4}.Debug|Any CPU.Build.0 = Debug|Any CPU
		{87DEB9A6-F97F-4692-BA85-2D5C5F3692C4}.Release|Any CPU.ActiveCfg = Release|Any CPU
		{87DEB9A6-F97F-4692-BA85-2D5C5F3692C4}.Release|Any CPU.Build.0 = Release|Any CPU
		{7D5582FA-C65E-4CD7-8EAC-6148263AFB7E}.Debug|Any CPU.ActiveCfg = Debug|Any CPU
		{7D5582FA-C65E-4CD7-8EAC-6148263AFB7E}.Debug|Any CPU.Build.0 = Debug|Any CPU
		{7D5582FA-C65E-4CD7-8EAC-6148263AFB7E}.Release|Any CPU.ActiveCfg = Release|Any CPU
		{7D5582FA-C65E-4CD7-8EAC-6148263AFB7E}.Release|Any CPU.Build.0 = Release|Any CPU
	EndGlobalSection
EndGlobal
